
Microsoft Visual Studio Solution File, Format Version 12.00
# Visual Studio Version 17
VisualStudioVersion = 17.13.35818.85 d17.13
MinimumVisualStudioVersion = 10.0.40219.1
Project("{FAE04EC0-301F-11D3-BF4B-00C04F79EFBC}") = "SaasAPI", "SaasAPI\SaasAPI.csproj", "{443B31A8-7F0F-484B-8FEB-8AE489D2B419}"
EndProject
Global
	GlobalSection(SolutionConfigurationPlatforms) = preSolution
		Debug|Any CPU = Debug|Any CPU
		Release|Any CPU = Release|Any CPU
	EndGlobalSection
	GlobalSection(ProjectConfigurationPlatforms) = postSolution
		{443B31A8-7F0F-484B-8FEB-8AE489D2B419}.Debug|Any CPU.ActiveCfg = Debug|Any CPU
		{443B31A8-7F0F-484B-8FEB-8AE489D2B419}.Debug|Any CPU.Build.0 = Debug|Any CPU
		{443B31A8-7F0F-484B-8FEB-8AE489D2B419}.Release|Any CPU.ActiveCfg = Release|Any CPU
		{443B31A8-7F0F-484B-8FEB-8AE489D2B419}.Release|Any CPU.Build.0 = Release|Any CPU
	EndGlobalSection
	GlobalSection(SolutionProperties) = preSolution
		HideSolutionNode = FALSE
	EndGlobalSection
	GlobalSection(ExtensibilityGlobals) = postSolution
		SolutionGuid = {05CE2309-49D9-4C1A-BC65-41C850588323}
	EndGlobalSection
EndGlobal
